TerrificCoreBundle f79be6593c6ee9ffd08473ca7e4c28a77e51b8c9
TerrificComposerBundle ac9dec7b35fcb0615ecfa46d04f9dc73cb3242d7
cssmin 189cf2a846885d934396c6ccf79d127730841076
jsmin 6bdb991a6e0fceb24880846c84fcfa9311021eb7
lessphp 330402e2713773bba8515525ec55bb0fd4445f49
symfony v2.0.17
twig v1.9.2
monolog 1.0.2
doctrine-common 2.1.4
assetic v1.0.3
SensioFrameworkExtraBundle v2.0.17
SensioDistributionBundle v2.0.17
AsseticBundle v1.0.1
