TerrificCoreBundle 77b0a5905f56d2e4b359dcf0323a03a881b088be
TerrificComposerBundle ac9dec7b35fcb0615ecfa46d04f9dc73cb3242d7
cssmin 189cf2a846885d934396c6ccf79d127730841076
jsmin 6bdb991a6e0fceb24880846c84fcfa9311021eb7
lessphp e8016a45e78d125d996bfccbbd4d4a12e15d5e99
symfony v2.0.13
twig v1.7.0
monolog 1.0.2
doctrine-common 2.1.4
assetic v1.0.3
SensioFrameworkExtraBundle 85911039aca2ef39805640d9238c7157d8c30d2e
SensioDistributionBundle 41a6c5caed65f02bb09c95a90579f047616471fd
AsseticBundle v1.0.1
