TerrificCoreBundle v1.0.0
TerrificComposerBundle v1.0.0
cssmin 189cf2a846885d934396c6ccf79d127730841076
jsmin 6bdb991a6e0fceb24880846c84fcfa9311021eb7
lessphp da15f54506ce5023eaeb9ad9cae83470ffe018a1
symfony v2.0.17
twig v1.9.2
monolog 1.0.2
doctrine-common 2.1.4
assetic v1.0.3
SensioFrameworkExtraBundle v2.0.17
SensioDistributionBundle v2.0.17
AsseticBundle v1.0.1
